
Microsoft Visual Studio Solution File, Format Version 12.00
# Visual Studio Version 16
VisualStudioVersion = 16.0.32228.343
MinimumVisualStudioVersion = 10.0.40219.1
Project("{FAE04EC0-301F-11D3-BF4B-00C04F79EFBC}") = "WindowsFormsApp1", "WindowsFormsApp1\WindowsFormsApp1.csproj", "{24FA4E73-05ED-4D78-8E99-3C6E1BEE2181}"
EndProject
Global
	GlobalSection(SolutionConfigurationPlatforms) = preSolution
		Debug|Any CPU = Debug|Any CPU
		Release|Any CPU = Release|Any CPU
	EndGlobalSection
	GlobalSection(ProjectConfigurationPlatforms) = postSolution
		{24FA4E73-05ED-4D78-8E99-3C6E1BEE2181}.Debug|Any CPU.ActiveCfg = Debug|Any CPU
		{24FA4E73-05ED-4D78-8E99-3C6E1BEE2181}.Debug|Any CPU.Build.0 = Debug|Any CPU
		{24FA4E73-05ED-4D78-8E99-3C6E1BEE2181}.Release|Any CPU.ActiveCfg = Release|Any CPU
		{24FA4E73-05ED-4D78-8E99-3C6E1BEE2181}.Release|Any CPU.Build.0 = Release|Any CPU
	EndGlobalSection
	GlobalSection(SolutionProperties) = preSolution
		HideSolutionNode = FALSE
	EndGlobalSection
	GlobalSection(ExtensibilityGlobals) = postSolution
		SolutionGuid = {5B779295-C162-489C-9904-E8D1BACA361A}
	EndGlobalSection
EndGlobal
